{
  "originHash" : "616380873579b4724d194902faea95c4580e4351d1b576f63e7bc824b0d31dfb",
  "pins" : [
    {
      "identity" : "buttonkit",
      "kind" : "remoteSourceControl",
      "location" : "https://github.com/Dean151/ButtonKit",
      "state" : {
        "revision" : "41e29c1c51ca21b250fbf92931f103e1302fe910",
        "version" : "0.7.1"
      }
    },
    {
      "identity" : "circularprogressswiftui",
      "kind" : "remoteSourceControl",
      "location" : "https://github.com/ArnavMotwani/CircularProgressSwiftUI",
      "state" : {
        "revision" : "017efe091152bad991a3a4c935a444facb0ed3d3",
        "version" : "1.2.2"
      }
    },
    {
      "identity" : "debouncedonchange",
      "kind" : "remoteSourceControl",
      "location" : "https://github.com/Tunous/DebouncedOnChange",
      "state" : {
        "revision" : "2583a30a8d277c3475c1b3a10b0f902a7be34f3b",
        "version" : "2.1.0"
      }
    },
    {
      "identity" : "ifrit",
      "kind" : "remoteSourceControl",
      "location" : "https://github.com/ukushu/Ifrit",
      "state" : {
        "revision" : "9b9556e14cee24ad16b19d0eb099283cf79a7d94",
        "version" : "3.0.0"
      }
    },
    {
      "identity" : "kingfisher",
      "kind" : "remoteSourceControl",
      "location" : "https://github.com/onevcat/Kingfisher",
      "state" : {
        "revision" : "cf8be20d07654570554c8a8a4952bc8a5766a8b0",
        "version" : "8.9.0"
      }
    },
    {
      "identity" : "sparkle",
      "kind" : "remoteSourceControl",
      "location" : "https://github.com/sparkle-project/Sparkle",
      "state" : {
        "revision" : "066e75a8b3e99962685d6a90cdd5293ebffd9261",
        "version" : "2.9.1"
      }
    },
    {
      "identity" : "swiftui-shimmer",
      "kind" : "remoteSourceControl",
      "location" : "https://github.com/markiv/SwiftUI-Shimmer",
      "state" : {
        "revision" : "0226e21f9bf355d40e07e5f5e1c33679d50e167f",
        "version" : "1.5.1"
      }
    }
  ],
  "version" : 3
}
